PODS:
  - JSONCodable (3.0.1)
  - SBrick-iOS (0.2.2)

DEPENDENCIES:
  - JSONCodable
  - SBrick-iOS

SPEC CHECKSUMS:
  JSONCodable: bd8616ae881befe2b82fbbf56d98b2dd377ac662
  SBrick-iOS: b007008a8a30fe05b155a07b100cf5eb24edf851

PODFILE CHECKSUM: 3c0c42ad0a4c5cf060f8ce4ece385ab849fff379

COCOAPODS: 1.2.1
